
Microsoft Visual Studio Solution File, Format Version 12.00
# Visual Studio Version 16
VisualStudioVersion = 16.0.30803.129
MinimumVisualStudioVersion = 10.0.40219.1
Project("{2150E333-8FDC-42A3-9474-1A3956D46DE8}") = "Solution Items", "Solution Items", "{3C202E56-5082-4C00-9438-E0DFAAEC9326}"
	ProjectSection(SolutionItems) = preProject
		BuildAndRun.ps1 = BuildAndRun.ps1
		BuildAndRun.sh = BuildAndRun.sh
		Readme.md = Readme.md
	EndProjectSection
EndProject
Project("{9A19103F-16F7-4668-BE54-9A1E7A4F7556}") = "HelloWorld.Grains", "HelloWorld.Grains\HelloWorld.Grains.csproj", "{359C1D6A-D25A-4CA1-A39C-D23DDFCCA1FE}"
EndProject
Project("{9A19103F-16F7-4668-BE54-9A1E7A4F7556}") = "HelloWorld.Interfaces", "HelloWorld.Interfaces\HelloWorld.Interfaces.csproj", "{DB7DA015-EA61-4594-AF85-5E0588A38A22}"
EndProject
Project("{9A19103F-16F7-4668-BE54-9A1E7A4F7556}") = "OrleansClient", "OrleansClient\OrleansClient.csproj", "{CE308324-F871-4809-9D94-1BF92D57BA01}"
EndProject
Project("{9A19103F-16F7-4668-BE54-9A1E7A4F7556}") = "SiloHost", "SiloHost\SiloHost.csproj", "{C9FEFF7D-AB17-400A-8B6D-0835E0DCB079}"
EndProject
Global
	GlobalSection(SolutionConfigurationPlatforms) = preSolution
		Debug|Any CPU = Debug|Any CPU
		Release|Any CPU = Release|Any CPU
	EndGlobalSection
	GlobalSection(ProjectConfigurationPlatforms) = postSolution
		{359C1D6A-D25A-4CA1-A39C-D23DDFCCA1FE}.Debug|Any CPU.ActiveCfg = Debug|Any CPU
		{359C1D6A-D25A-4CA1-A39C-D23DDFCCA1FE}.Debug|Any CPU.Build.0 = Debug|Any CPU
		{359C1D6A-D25A-4CA1-A39C-D23DDFCCA1FE}.Release|Any CPU.ActiveCfg = Release|Any CPU
		{359C1D6A-D25A-4CA1-A39C-D23DDFCCA1FE}.Release|Any CPU.Build.0 = Release|Any CPU
		{DB7DA015-EA61-4594-AF85-5E0588A38A22}.Debug|Any CPU.ActiveCfg = Debug|Any CPU
		{DB7DA015-EA61-4594-AF85-5E0588A38A22}.Debug|Any CPU.Build.0 = Debug|Any CPU
		{DB7DA015-EA61-4594-AF85-5E0588A38A22}.Release|Any CPU.ActiveCfg = Release|Any CPU
		{DB7DA015-EA61-4594-AF85-5E0588A38A22}.Release|Any CPU.Build.0 = Release|Any CPU
		{CE308324-F871-4809-9D94-1BF92D57BA01}.Debug|Any CPU.ActiveCfg = Debug|Any CPU
		{CE308324-F871-4809-9D94-1BF92D57BA01}.Debug|Any CPU.Build.0 = Debug|Any CPU
		{CE308324-F871-4809-9D94-1BF92D57BA01}.Release|Any CPU.ActiveCfg = Release|Any CPU
		{CE308324-F871-4809-9D94-1BF92D57BA01}.Release|Any CPU.Build.0 = Release|Any CPU
		{C9FEFF7D-AB17-400A-8B6D-0835E0DCB079}.Debug|Any CPU.ActiveCfg = Debug|Any CPU
		{C9FEFF7D-AB17-400A-8B6D-0835E0DCB079}.Debug|Any CPU.Build.0 = Debug|Any CPU
		{C9FEFF7D-AB17-400A-8B6D-0835E0DCB079}.Release|Any CPU.ActiveCfg = Release|Any CPU
		{C9FEFF7D-AB17-400A-8B6D-0835E0DCB079}.Release|Any CPU.Build.0 = Release|Any CPU
	EndGlobalSection
	GlobalSection(SolutionProperties) = preSolution
		HideSolutionNode = FALSE
	EndGlobalSection
	GlobalSection(ExtensibilityGlobals) = postSolution
		SolutionGuid = {770CE15D-FCF4-4F37-BBC3-B62DEEFFB973}
	EndGlobalSection
EndGlobal
